
Microsoft Visual Studio Solution File, Format Version 12.00
# Visual Studio 15
VisualStudioVersion = 15.0.28307.572
MinimumVisualStudioVersion = 10.0.40219.1
Project("{FAE04EC0-301F-11D3-BF4B-00C04F79EFBC}") = "TTN", "TTN\TTN.csproj", "{CC0A9A35-0A89-4691-AA63-D27F37FDBB3F}"
EndProject
Global
	GlobalSection(SolutionConfigurationPlatforms) = preSolution
		Debug|Any CPU = Debug|Any CPU
		Release|Any CPU = Release|Any CPU
	EndGlobalSection
	GlobalSection(ProjectConfigurationPlatforms) = postSolution
		{CC0A9A35-0A89-4691-AA63-D27F37FDBB3F}.Debug|Any CPU.ActiveCfg = Debug|Any CPU
		{CC0A9A35-0A89-4691-AA63-D27F37FDBB3F}.Debug|Any CPU.Build.0 = Debug|Any CPU
		{CC0A9A35-0A89-4691-AA63-D27F37FDBB3F}.Release|Any CPU.ActiveCfg = Release|Any CPU
		{CC0A9A35-0A89-4691-AA63-D27F37FDBB3F}.Release|Any CPU.Build.0 = Release|Any CPU
	EndGlobalSection
	GlobalSection(SolutionProperties) = preSolution
		HideSolutionNode = FALSE
	EndGlobalSection
	GlobalSection(ExtensibilityGlobals) = postSolution
		SolutionGuid = {3523EFFD-653E-4897-B142-9A5F21E05487}
	EndGlobalSection
EndGlobal
